
Microsoft Visual Studio Solution File, Format Version 12.00
# Visual Studio Version 16
VisualStudioVersion = 16.0.31624.102
MinimumVisualStudioVersion = 10.0.40219.1
Project("{2150E333-8FDC-42A3-9474-1A3956D46DE8}") = "Services", "Services", "{B1C87F88-3B04-4251-8CB0-BDB59E4C79E3}"
EndProject
Project("{2150E333-8FDC-42A3-9474-1A3956D46DE8}") = "Catalog", "Catalog", "{2B473511-CCC4-4BB3-BF5F-C21071567045}"
EndProject
Project("{9A19103F-16F7-4668-BE54-9A1E7A4F7556}") = "Catalog.API", "Services\Catalog\Catalog.API\Catalog.API.csproj", "{9F7B546C-8DD6-4E60-81C2-9F56D363B1C3}"
EndProject
Project("{E53339B2-1760-4266-BCC7-CA923CBCF16C}") = "docker-compose", "docker-compose.dcproj", "{9BDFAFF5-4482-4BD5-BBF4-8A52EAEDC988}"
EndProject
Project("{2150E333-8FDC-42A3-9474-1A3956D46DE8}") = "Basket", "Basket", "{E0219375-352A-49E8-BFE8-1C60EB77AC3F}"
EndProject
Project("{FAE04EC0-301F-11D3-BF4B-00C04F79EFBC}") = "Basket.API", "Services\Basket\Basket.API\Basket.API.csproj", "{2A50112F-AA9A-401D-A492-891D70042541}"
EndProject
Project("{2150E333-8FDC-42A3-9474-1A3956D46DE8}") = "Discount", "Discount", "{F4F68FB5-1FAC-4FE6-A607-778F1EC0B4B1}"
EndProject
Project("{FAE04EC0-301F-11D3-BF4B-00C04F79EFBC}") = "Discount.API", "Services\Discount\Discount.API\Discount.API.csproj", "{3373581D-0A0F-451D-BCEE-58654E8F6EA6}"
EndProject
Project("{FAE04EC0-301F-11D3-BF4B-00C04F79EFBC}") = "Discount.Grpc", "Services\Discount\Discount.Grpc\Discount.Grpc.csproj", "{A4BAD645-B9FE-47B9-9AC1-66F7C70ABD5C}"
EndProject
Project("{2150E333-8FDC-42A3-9474-1A3956D46DE8}") = "Ordering", "Ordering", "{6C18A152-E537-40BA-88D3-6A8BCD9315E4}"
EndProject
Project("{FAE04EC0-301F-11D3-BF4B-00C04F79EFBC}") = "Ordering.API", "Services\Ordering\Ordering.API\Ordering.API.csproj", "{AB08A988-0BD4-4F92-8100-ABE61DE5210C}"
EndProject
Global
	GlobalSection(SolutionConfigurationPlatforms) = preSolution
		Debug|Any CPU = Debug|Any CPU
		Release|Any CPU = Release|Any CPU
	EndGlobalSection
	GlobalSection(ProjectConfigurationPlatforms) = postSolution
		{9F7B546C-8DD6-4E60-81C2-9F56D363B1C3}.Debug|Any CPU.ActiveCfg = Debug|Any CPU
		{9F7B546C-8DD6-4E60-81C2-9F56D363B1C3}.Debug|Any CPU.Build.0 = Debug|Any CPU
		{9F7B546C-8DD6-4E60-81C2-9F56D363B1C3}.Release|Any CPU.ActiveCfg = Release|Any CPU
		{9F7B546C-8DD6-4E60-81C2-9F56D363B1C3}.Release|Any CPU.Build.0 = Release|Any CPU
		{9BDFAFF5-4482-4BD5-BBF4-8A52EAEDC988}.Debug|Any CPU.ActiveCfg = Debug|Any CPU
		{9BDFAFF5-4482-4BD5-BBF4-8A52EAEDC988}.Debug|Any CPU.Build.0 = Debug|Any CPU
		{9BDFAFF5-4482-4BD5-BBF4-8A52EAEDC988}.Release|Any CPU.ActiveCfg = Release|Any CPU
		{9BDFAFF5-4482-4BD5-BBF4-8A52EAEDC988}.Release|Any CPU.Build.0 = Release|Any CPU
		{2A50112F-AA9A-401D-A492-891D70042541}.Debug|Any CPU.ActiveCfg = Debug|Any CPU
		{2A50112F-AA9A-401D-A492-891D70042541}.Debug|Any CPU.Build.0 = Debug|Any CPU
		{2A50112F-AA9A-401D-A492-891D70042541}.Release|Any CPU.ActiveCfg = Release|Any CPU
		{2A50112F-AA9A-401D-A492-891D70042541}.Release|Any CPU.Build.0 = Release|Any CPU
		{3373581D-0A0F-451D-BCEE-58654E8F6EA6}.Debug|Any CPU.ActiveCfg = Debug|Any CPU
		{3373581D-0A0F-451D-BCEE-58654E8F6EA6}.Debug|Any CPU.Build.0 = Debug|Any CPU
		{3373581D-0A0F-451D-BCEE-58654E8F6EA6}.Release|Any CPU.ActiveCfg = Release|Any CPU
		{3373581D-0A0F-451D-BCEE-58654E8F6EA6}.Release|Any CPU.Build.0 = Release|Any CPU
		{A4BAD645-B9FE-47B9-9AC1-66F7C70ABD5C}.Debug|Any CPU.ActiveCfg = Debug|Any CPU
		{A4BAD645-B9FE-47B9-9AC1-66F7C70ABD5C}.Debug|Any CPU.Build.0 = Debug|Any CPU
		{A4BAD645-B9FE-47B9-9AC1-66F7C70ABD5C}.Release|Any CPU.ActiveCfg = Release|Any CPU
		{A4BAD645-B9FE-47B9-9AC1-66F7C70ABD5C}.Release|Any CPU.Build.0 = Release|Any CPU
		{AB08A988-0BD4-4F92-8100-ABE61DE5210C}.Debug|Any CPU.ActiveCfg = Debug|Any CPU
		{AB08A988-0BD4-4F92-8100-ABE61DE5210C}.Debug|Any CPU.Build.0 = Debug|Any CPU
		{AB08A988-0BD4-4F92-8100-ABE61DE5210C}.Release|Any CPU.ActiveCfg = Release|Any CPU
		{AB08A988-0BD4-4F92-8100-ABE61DE5210C}.Release|Any CPU.Build.0 = Release|Any CPU
	EndGlobalSection
	GlobalSection(SolutionProperties) = preSolution
		HideSolutionNode = FALSE
	EndGlobalSection
	GlobalSection(NestedProjects) = preSolution
		{2B473511-CCC4-4BB3-BF5F-C21071567045} = {B1C87F88-3B04-4251-8CB0-BDB59E4C79E3}
		{9F7B546C-8DD6-4E60-81C2-9F56D363B1C3} = {2B473511-CCC4-4BB3-BF5F-C21071567045}
		{E0219375-352A-49E8-BFE8-1C60EB77AC3F} = {B1C87F88-3B04-4251-8CB0-BDB59E4C79E3}
		{2A50112F-AA9A-401D-A492-891D70042541} = {E0219375-352A-49E8-BFE8-1C60EB77AC3F}
		{F4F68FB5-1FAC-4FE6-A607-778F1EC0B4B1} = {B1C87F88-3B04-4251-8CB0-BDB59E4C79E3}
		{3373581D-0A0F-451D-BCEE-58654E8F6EA6} = {F4F68FB5-1FAC-4FE6-A607-778F1EC0B4B1}
		{A4BAD645-B9FE-47B9-9AC1-66F7C70ABD5C} = {F4F68FB5-1FAC-4FE6-A607-778F1EC0B4B1}
		{6C18A152-E537-40BA-88D3-6A8BCD9315E4} = {B1C87F88-3B04-4251-8CB0-BDB59E4C79E3}
		{AB08A988-0BD4-4F92-8100-ABE61DE5210C} = {6C18A152-E537-40BA-88D3-6A8BCD9315E4}
	EndGlobalSection
	GlobalSection(ExtensibilityGlobals) = postSolution
		SolutionGuid = {3F27B0D7-9113-483D-B5EC-D9638B604FD9}
	EndGlobalSection
EndGlobal
